
Microsoft Visual Studio Solution File, Format Version 12.00
# Visual Studio Version 17
VisualStudioVersion = 17.5.33502.453
MinimumVisualStudioVersion = 10.0.40219.1
Project("{FAE04EC0-301F-11D3-BF4B-00C04F79EFBC}") = "HotChocolateDemo", "HotChocolateDemo\HotChocolateDemo.csproj", "{DA28BD69-8B3A-4CF9-8F0A-A29032888FA7}"
EndProject
Global
	GlobalSection(SolutionConfigurationPlatforms) = preSolution
		Debug|Any CPU = Debug|Any CPU
		Release|Any CPU = Release|Any CPU
	EndGlobalSection
	GlobalSection(ProjectConfigurationPlatforms) = postSolution
		{DA28BD69-8B3A-4CF9-8F0A-A29032888FA7}.Debug|Any CPU.ActiveCfg = Debug|Any CPU
		{DA28BD69-8B3A-4CF9-8F0A-A29032888FA7}.Debug|Any CPU.Build.0 = Debug|Any CPU
		{DA28BD69-8B3A-4CF9-8F0A-A29032888FA7}.Release|Any CPU.ActiveCfg = Release|Any CPU
		{DA28BD69-8B3A-4CF9-8F0A-A29032888FA7}.Release|Any CPU.Build.0 = Release|Any CPU
	EndGlobalSection
	GlobalSection(SolutionProperties) = preSolution
		HideSolutionNode = FALSE
	EndGlobalSection
	GlobalSection(ExtensibilityGlobals) = postSolution
		SolutionGuid = {B504A303-1CF7-43AA-A0AB-F4CA7601CE65}
	EndGlobalSection
EndGlobal
